
Microsoft Visual Studio Solution File, Format Version 12.00
# Visual Studio Version 17
VisualStudioVersion = 17.2.32526.322
MinimumVisualStudioVersion = 10.0.40219.1
Project("{FAE04EC0-301F-11D3-BF4B-00C04F79EFBC}") = "InfinityLoop", "InfinityLoop\InfinityLoop.csproj", "{B2DBCD35-41D8-4108-BA9A-B8C0CAE8944D}"
EndProject
Global
	GlobalSection(SolutionConfigurationPlatforms) = preSolution
		Debug|Any CPU = Debug|Any CPU
		Release|Any CPU = Release|Any CPU
	EndGlobalSection
	GlobalSection(ProjectConfigurationPlatforms) = postSolution
		{B2DBCD35-41D8-4108-BA9A-B8C0CAE8944D}.Debug|Any CPU.ActiveCfg = Debug|Any CPU
		{B2DBCD35-41D8-4108-BA9A-B8C0CAE8944D}.Debug|Any CPU.Build.0 = Debug|Any CPU
		{B2DBCD35-41D8-4108-BA9A-B8C0CAE8944D}.Release|Any CPU.ActiveCfg = Release|Any CPU
		{B2DBCD35-41D8-4108-BA9A-B8C0CAE8944D}.Release|Any CPU.Build.0 = Release|Any CPU
	EndGlobalSection
	GlobalSection(SolutionProperties) = preSolution
		HideSolutionNode = FALSE
	EndGlobalSection
	GlobalSection(ExtensibilityGlobals) = postSolution
		SolutionGuid = {750E3931-9687-45AD-A385-A030E82D74D4}
	EndGlobalSection
EndGlobal
